// !$*UTF8*$!
{
	archiveVersion = 1;
	classes = {
	};
	objectVersion = 50;
	objects = {

/* Begin PBXBuildFile section */
		65FC4C9226139C4900805680 /* BookwormApp.swift in Sources */ = {isa = PBXBuildFile; fileRef = 65FC4C9126139C4900805680 /* BookwormApp.swift */; };
		65FC4C9426139C4900805680 /* ContentView.swift in Sources */ = {isa = PBXBuildFile; fileRef = 65FC4C9326139C4900805680 /* ContentView.swift */; };
		65FC4C9626139C4A00805680 /* Assets.xcassets in Resources */ = {isa = PBXBuildFile; fileRef = 65FC4C9526139C4A00805680 /* Assets.xcassets */; };
		65FC4C9926139C4A00805680 /* Preview Assets.xcassets in Resources */ = {isa = PBXBuildFile; fileRef = 65FC4C9826139C4A00805680 /* Preview Assets.xcassets */; };
		65FC4C9B26139C4A00805680 /* Persistence.swift in Sources */ = {isa = PBXBuildFile; fileRef = 65FC4C9A26139C4A00805680 /* Persistence.swift */; };
		65FC4C9E26139C4A00805680 /* Bookworm.xcdatamodeld in Sources */ = {isa = PBXBuildFile; fileRef = 65FC4C9C26139C4A00805680 /* Bookworm.xcdatamodeld */; };
		65FC4CA726139D4900805680 /* AddBookView.swift in Sources */ = {isa = PBXBuildFile; fileRef = 65FC4CA626139D4900805680 /* AddBookView.swift */; };
		65FC4CAA2613B66D00805680 /* RatingView.swift in Sources */ = {isa = PBXBuildFile; fileRef = 65FC4CA92613B66D00805680 /* RatingView.swift */; };
		65FC4CAD2613BF3900805680 /* EmojiRatingView.swift in Sources */ = {isa = PBXBuildFile; fileRef = 65FC4CAC2613BF3900805680 /* EmojiRatingView.swift */; };
		65FC4CB026150C7500805680 /* DetailView.swift in Sources */ = {isa = PBXBuildFile; fileRef = 65FC4CAF26150C7500805680 /* DetailView.swift */; };
/* End PBXBuildFile section */

/* Begin PBXFileReference section */
		65FC4C8E26139C4900805680 /* Bookworm.app */ = {isa = PBXFileReference; explicitFileType = wrapper.application; includeInIndex = 0; path = Bookworm.app; sourceTree = BUILT_PRODUCTS_DIR; };
		65FC4C9126139C4900805680 /* BookwormApp.swift */ = {isa = PBXFileReference; lastKnownFileType = sourcecode.swift; path = BookwormApp.swift; sourceTree = "<group>"; };
		65FC4C9326139C4900805680 /* ContentView.swift */ = {isa = PBXFileReference; lastKnownFileType = sourcecode.swift; path = ContentView.swift; sourceTree = "<group>"; };
		65FC4C9526139C4A00805680 /* Assets.xcassets */ = {isa = PBXFileReference; lastKnownFileType = folder.assetcatalog; path = Assets.xcassets; sourceTree = "<group>"; };
		65FC4C9826139C4A00805680 /* Preview Assets.xcassets */ = {isa = PBXFileReference; lastKnownFileType = folder.assetcatalog; path = "Preview Assets.xcassets"; sourceTree = "<group>"; };
		65FC4C9A26139C4A00805680 /* Persistence.swift */ = {isa = PBXFileReference; lastKnownFileType = sourcecode.swift; path = Persistence.swift; sourceTree = "<group>"; };
		65FC4C9D26139C4A00805680 /* Bookworm.xcdatamodel */ = {isa = PBXFileReference; lastKnownFileType = wrapper.xcdatamodel; path = Bookworm.xcdatamodel; sourceTree = "<group>"; };
		65FC4C9F26139C4A00805680 /* Info.plist */ = {isa = PBXFileReference; lastKnownFileType = text.plist.xml; path = Info.plist; sourceTree = "<group>"; };
		65FC4CA626139D4900805680 /* AddBookView.swift */ = {isa = PBXFileReference; lastKnownFileType = sourcecode.swift; path = AddBookView.swift; sourceTree = "<group>"; };
		65FC4CA92613B66D00805680 /* RatingView.swift */ = {isa = PBXFileReference; lastKnownFileType = sourcecode.swift; path = RatingView.swift; sourceTree = "<group>"; };
		65FC4CAC2613BF3900805680 /* EmojiRatingView.swift */ = {isa = PBXFileReference; lastKnownFileType = sourcecode.swift; path = EmojiRatingView.swift; sourceTree = "<group>"; };
		65FC4CAF26150C7500805680 /* DetailView.swift */ = {isa = PBXFileReference; lastKnownFileType = sourcecode.swift; path = DetailView.swift; sourceTree = "<group>"; };
/* End PBXFileReference section */

/* Begin PBXFrameworksBuildPhase section */
		65FC4C8B26139C4900805680 /* Frameworks */ = {
			isa = PBXFrameworksBuildPhase;
			buildActionMask = 2147483647;
			files = (
			);
			runOnlyForDeploymentPostprocessing = 0;
		};
/* End PBXFrameworksBuildPhase section */

/* Begin PBXGroup section */
		65FC4C8526139C4900805680 = {
			isa = PBXGroup;
			children = (
				65FC4C9026139C4900805680 /* Bookworm */,
				65FC4C8F26139C4900805680 /* Products */,
			);
			sourceTree = "<group>";
		};
		65FC4C8F26139C4900805680 /* Products */ = {
			isa = PBXGroup;
			children = (
				65FC4C8E26139C4900805680 /* Bookworm.app */,
			);
			name = Products;
			sourceTree = "<group>";
		};
		65FC4C9026139C4900805680 /* Bookworm */ = {
			isa = PBXGroup;
			children = (
				65FC4C9126139C4900805680 /* BookwormApp.swift */,
				65FC4C9326139C4900805680 /* ContentView.swift */,
				65FC4CAC2613BF3900805680 /* EmojiRatingView.swift */,
				65FC4C9526139C4A00805680 /* Assets.xcassets */,
				65FC4CAF26150C7500805680 /* DetailView.swift */,
				65FC4C9A26139C4A00805680 /* Persistence.swift */,
				65FC4C9F26139C4A00805680 /* Info.plist */,
				65FC4C9C26139C4A00805680 /* Bookworm.xcdatamodeld */,
				65FC4CA626139D4900805680 /* AddBookView.swift */,
				65FC4CA92613B66D00805680 /* RatingView.swift */,
				65FC4C9726139C4A00805680 /* Preview Content */,
			);
			path = Bookworm;
			sourceTree = "<group>";
		};
		65FC4C9726139C4A00805680 /* Preview Content */ = {
			isa = PBXGroup;
			children = (
				65FC4C9826139C4A00805680 /* Preview Assets.xcassets */,
			);
			path = "Preview Content";
			sourceTree = "<group>";
		};
/* End PBXGroup section */

/* Begin PBXNativeTarget section */
		65FC4C8D26139C4900805680 /* Bookworm */ = {
			isa = PBXNativeTarget;
			buildConfigurationList = 65FC4CA226139C4A00805680 /* Build configuration list for PBXNativeTarget "Bookworm" */;
			buildPhases = (
				65FC4C8A26139C4900805680 /* Sources */,
				65FC4C8B26139C4900805680 /* Frameworks */,
				65FC4C8C26139C4900805680 /* Resources */,
			);
			buildRules = (
			);
			dependencies = (
			);
			name = Bookworm;
			productName = Bookworm;
			productReference = 65FC4C8E26139C4900805680 /* Bookworm.app */;
			productType = "com.apple.product-type.application";
		};
/* End PBXNativeTarget section */

/* Begin PBXProject section */
		65FC4C8626139C4900805680 /* Project object */ = {
			isa = PBXProject;
			attributes = {
				LastSwiftUpdateCheck = 1240;
				LastUpgradeCheck = 1240;
				TargetAttributes = {
					65FC4C8D26139C4900805680 = {
						CreatedOnToolsVersion = 12.4;
					};
				};
			};
			buildConfigurationList = 65FC4C8926139C4900805680 /* Build configuration list for PBXProject "Bookworm" */;
			compatibilityVersion = "Xcode 9.3";
			developmentRegion = en;
			hasScannedForEncodings = 0;
			knownRegions = (
				en,
				Base,
			);
			mainGroup = 65FC4C8526139C4900805680;
			productRefGroup = 65FC4C8F26139C4900805680 /* Products */;
			projectDirPath = "";
			projectRoot = "";
			targets = (
				65FC4C8D26139C4900805680 /* Bookworm */,
			);
		};
/* End PBXProject section */

/* Begin PBXResourcesBuildPhase section */
		65FC4C8C26139C4900805680 /* Resources */ = {
			isa = PBXResourcesBuildPhase;
			buildActionMask = 2147483647;
			files = (
				65FC4C9926139C4A00805680 /* Preview Assets.xcassets in Resources */,
				65FC4C9626139C4A00805680 /* Assets.xcassets in Resources */,
			);
			runOnlyForDeploymentPostprocessing = 0;
		};
/* End PBXResourcesBuildPhase section */

/* Begin PBXSourcesBuildPhase section */
		65FC4C8A26139C4900805680 /* Sources */ = {
			isa = PBXSourcesBuildPhase;
			buildActionMask = 2147483647;
			files = (
				65FC4C9B26139C4A00805680 /* Persistence.swift in Sources */,
				65FC4CB026150C7500805680 /* DetailView.swift in Sources */,
				65FC4C9E26139C4A00805680 /* Bookworm.xcdatamodeld in Sources */,
				65FC4CAD2613BF3900805680 /* EmojiRatingView.swift in Sources */,
				65FC4C9426139C4900805680 /* ContentView.swift in Sources */,
				65FC4CAA2613B66D00805680 /* RatingView.swift in Sources */,
				65FC4C9226139C4900805680 /* BookwormApp.swift in Sources */,
				65FC4CA726139D4900805680 /* AddBookView.swift in Sources */,
			);
			runOnlyForDeploymentPostprocessing = 0;
		};
/* End PBXSourcesBuildPhase section */

/* Begin XCBuildConfiguration section */
		65FC4CA026139C4A00805680 /* Debug */ = {
			isa = XCBuildConfiguration;
			buildSettings = {
				ALWAYS_SEARCH_USER_PATHS = NO;
				CLANG_ANALYZER_NONNULL = YES;
				CLANG_ANALYZER_NUMBER_OBJECT_CONVERSION = YES_AGGRESSIVE;
				CLANG_CXX_LANGUAGE_STANDARD = "gnu++14";
				CLANG_CXX_LIBRARY = "libc++";
				CLANG_ENABLE_MODULES = YES;
				CLANG_ENABLE_OBJC_ARC = YES;
				CLANG_ENABLE_OBJC_WEAK = YES;
				CLANG_WARN_BLOCK_CAPTURE_AUTORELEASING = YES;
				CLANG_WARN_BOOL_CONVERSION = YES;
				CLANG_WARN_COMMA = YES;
				CLANG_WARN_CONSTANT_CONVERSION = YES;
				CLANG_WARN_DEPRECATED_OBJC_IMPLEMENTATIONS = YES;
				CLANG_WARN_DIRECT_OBJC_ISA_USAGE = YES_ERROR;
				CLANG_WARN_DOCUMENTATION_COMMENTS = YES;
				CLANG_WARN_EMPTY_BODY = YES;
				CLANG_WARN_ENUM_CONVERSION = YES;
				CLANG_WARN_INFINITE_RECURSION = YES;
				CLANG_WARN_INT_CONVERSION = YES;
				CLANG_WARN_NON_LITERAL_NULL_CONVERSION = YES;
				CLANG_WARN_OBJC_IMPLICIT_RETAIN_SELF = YES;
				CLANG_WARN_OBJC_LITERAL_CONVERSION = YES;
				CLANG_WARN_OBJC_ROOT_CLASS = YES_ERROR;
				CLANG_WARN_QUOTED_INCLUDE_IN_FRAMEWORK_HEADER = YES;
				CLANG_WARN_RANGE_LOOP_ANALYSIS = YES;
				CLANG_WARN_STRICT_PROTOTYPES = YES;
				CLANG_WARN_SUSPICIOUS_MOVE = YES;
				CLANG_WARN_UNGUARDED_AVAILABILITY = YES_AGGRESSIVE;
				CLANG_WARN_UNREACHABLE_CODE = YES;
				CLANG_WARN__DUPLICATE_METHOD_MATCH = YES;
				COPY_PHASE_STRIP = NO;
				DEBUG_INFORMATION_FORMAT = dwarf;
				ENABLE_STRICT_OBJC_MSGSEND = YES;
				ENABLE_TESTABILITY = YES;
				GCC_C_LANGUAGE_STANDARD = gnu11;
				GCC_DYNAMIC_NO_PIC = NO;
				GCC_NO_COMMON_BLOCKS = YES;
				GCC_OPTIMIZATION_LEVEL = 0;
				GCC_PREPROCESSOR_DEFINITIONS = (
					"DEBUG=1",
					"$(inherited)",
				);
				GCC_WARN_64_TO_32_BIT_CONVERSION = YES;
				GCC_WARN_ABOUT_RETURN_TYPE = YES_ERROR;
				GCC_WARN_UNDECLARED_SELECTOR = YES;
				GCC_WARN_UNINITIALIZED_AUTOS = YES_AGGRESSIVE;
				GCC_WARN_UNUSED_FUNCTION = YES;
				GCC_WARN_UNUSED_VARIABLE = YES;
				IPHONEOS_DEPLOYMENT_TARGET = 14.4;
				MTL_ENABLE_DEBUG_INFO = INCLUDE_SOURCE;
				MTL_FAST_MATH = YES;
				ONLY_ACTIVE_ARCH = YES;
				SDKROOT = iphoneos;
				SWIFT_ACTIVE_COMPILATION_CONDITIONS = DEBUG;
				SWIFT_OPTIMIZATION_LEVEL = "-Onone";
			};
			name = Debug;
		};
		65FC4CA126139C4A00805680 /* Release */ = {
			isa = XCBuildConfiguration;
			buildSettings = {
				ALWAYS_SEARCH_USER_PATHS = NO;
				CLANG_ANALYZER_NONNULL = YES;
				CLANG_ANALYZER_NUMBER_OBJECT_CONVERSION = YES_AGGRESSIVE;
				CLANG_CXX_LANGUAGE_STANDARD = "gnu++14";
				CLANG_CXX_LIBRARY = "libc++";
				CLANG_ENABLE_MODULES = YES;
				CLANG_ENABLE_OBJC_ARC = YES;
				CLANG_ENABLE_OBJC_WEAK = YES;
				CLANG_WARN_BLOCK_CAPTURE_AUTORELEASING = YES;
				CLANG_WARN_BOOL_CONVERSION = YES;
				CLANG_WARN_COMMA = YES;
				CLANG_WARN_CONSTANT_CONVERSION = YES;
				CLANG_WARN_DEPRECATED_OBJC_IMPLEMENTATIONS = YES;
				CLANG_WARN_DIRECT_OBJC_ISA_USAGE = YES_ERROR;
				CLANG_WARN_DOCUMENTATION_COMMENTS = YES;
				CLANG_WARN_EMPTY_BODY = YES;
				CLANG_WARN_ENUM_CONVERSION = YES;
				CLANG_WARN_INFINITE_RECURSION = YES;
				CLANG_WARN_INT_CONVERSION = YES;
				CLANG_WARN_NON_LITERAL_NULL_CONVERSION = YES;
				CLANG_WARN_OBJC_IMPLICIT_RETAIN_SELF = YES;
				CLANG_WARN_OBJC_LITERAL_CONVERSION = YES;
				CLANG_WARN_OBJC_ROOT_CLASS = YES_ERROR;
				CLANG_WARN_QUOTED_INCLUDE_IN_FRAMEWORK_HEADER = YES;
				CLANG_WARN_RANGE_LOOP_ANALYSIS = YES;
				CLANG_WARN_STRICT_PROTOTYPES = YES;
				CLANG_WARN_SUSPICIOUS_MOVE = YES;
				CLANG_WARN_UNGUARDED_AVAILABILITY = YES_AGGRESSIVE;
				CLANG_WARN_UNREACHABLE_CODE = YES;
				CLANG_WARN__DUPLICATE_METHOD_MATCH = YES;
				COPY_PHASE_STRIP = NO;
				DEBUG_INFORMATION_FORMAT = "dwarf-with-dsym";
				ENABLE_NS_ASSERTIONS = NO;
				ENABLE_STRICT_OBJC_MSGSEND = YES;
				GCC_C_LANGUAGE_STANDARD = gnu11;
				GCC_NO_COMMON_BLOCKS = YES;
				GCC_WARN_64_TO_32_BIT_CONVERSION = YES;
				GCC_WARN_ABOUT_RETURN_TYPE = YES_ERROR;
				GCC_WARN_UNDECLARED_SELECTOR = YES;
				GCC_WARN_UNINITIALIZED_AUTOS = YES_AGGRESSIVE;
				GCC_WARN_UNUSED_FUNCTION = YES;
				GCC_WARN_UNUSED_VARIABLE = YES;
				IPHONEOS_DEPLOYMENT_TARGET = 14.4;
				MTL_ENABLE_DEBUG_INFO = NO;
				MTL_FAST_MATH = YES;
				SDKROOT = iphoneos;
				SWIFT_COMPILATION_MODE = wholemodule;
				SWIFT_OPTIMIZATION_LEVEL = "-O";
				VALIDATE_PRODUCT = YES;
			};
			name = Release;
		};
		65FC4CA326139C4A00805680 /* Debug */ = {
			isa = XCBuildConfiguration;
			buildSettings = {
				ASSETCATALOG_COMPILER_APPICON_NAME = AppIcon;
				ASSETCATALOG_COMPILER_GLOBAL_ACCENT_COLOR_NAME = AccentColor;
				CODE_SIGN_STYLE = Automatic;
				DEVELOPMENT_ASSET_PATHS = "\"Bookworm/Preview Content\"";
				DEVELOPMENT_TEAM = J2ZFAF5Y73;
				ENABLE_PREVIEWS = YES;
				INFOPLIST_FILE = Bookworm/Info.plist;
				IPHONEOS_DEPLOYMENT_TARGET = 14.0;
				LD_RUNPATH_SEARCH_PATHS = (
					"$(inherited)",
					"@executable_path/Frameworks",
				);
				PRODUCT_BUNDLE_IDENTIFIER = com.timmerCodes.Bookworm;
				PRODUCT_NAME = "$(TARGET_NAME)";
				SWIFT_VERSION = 5.0;
				TARGETED_DEVICE_FAMILY = "1,2";
			};
			name = Debug;
		};
		65FC4CA426139C4A00805680 /* Release */ = {
			isa = XCBuildConfiguration;
			buildSettings = {
				ASSETCATALOG_COMPILER_APPICON_NAME = AppIcon;
				ASSETCATALOG_COMPILER_GLOBAL_ACCENT_COLOR_NAME = AccentColor;
				CODE_SIGN_STYLE = Automatic;
				DEVELOPMENT_ASSET_PATHS = "\"Bookworm/Preview Content\"";
				DEVELOPMENT_TEAM = J2ZFAF5Y73;
				ENABLE_PREVIEWS = YES;
				INFOPLIST_FILE = Bookworm/Info.plist;
				IPHONEOS_DEPLOYMENT_TARGET = 14.0;
				LD_RUNPATH_SEARCH_PATHS = (
					"$(inherited)",
					"@executable_path/Frameworks",
				);
				PRODUCT_BUNDLE_IDENTIFIER = com.timmerCodes.Bookworm;
				PRODUCT_NAME = "$(TARGET_NAME)";
				SWIFT_VERSION = 5.0;
				TARGETED_DEVICE_FAMILY = "1,2";
			};
			name = Release;
		};
/* End XCBuildConfiguration section */

/* Begin XCConfigurationList section */
		65FC4C8926139C4900805680 /* Build configuration list for PBXProject "Bookworm" */ = {
			isa = XCConfigurationList;
			buildConfigurations = (
				65FC4CA026139C4A00805680 /* Debug */,
				65FC4CA126139C4A00805680 /* Release */,
			);
			defaultConfigurationIsVisible = 0;
			defaultConfigurationName = Release;
		};
		65FC4CA226139C4A00805680 /* Build configuration list for PBXNativeTarget "Bookworm" */ = {
			isa = XCConfigurationList;
			buildConfigurations = (
				65FC4CA326139C4A00805680 /* Debug */,
				65FC4CA426139C4A00805680 /* Release */,
			);
			defaultConfigurationIsVisible = 0;
			defaultConfigurationName = Release;
		};
/* End XCConfigurationList section */

/* Begin XCVersionGroup section */
		65FC4C9C26139C4A00805680 /* Bookworm.xcdatamodeld */ = {
			isa = XCVersionGroup;
			children = (
				65FC4C9D26139C4A00805680 /* Bookworm.xcdatamodel */,
			);
			currentVersion = 65FC4C9D26139C4A00805680 /* Bookworm.xcdatamodel */;
			path = Bookworm.xcdatamodeld;
			sourceTree = "<group>";
			versionGroupType = wrapper.xcdatamodel;
		};
/* End XCVersionGroup section */
	};
	rootObject = 65FC4C8626139C4900805680 /* Project object */;
}
